
Microsoft Visual Studio Solution File, Format Version 12.00
# Visual Studio 15
VisualStudioVersion = 15.0.27428.2037
MinimumVisualStudioVersion = 10.0.40219.1
Project("{FAE04EC0-301F-11D3-BF4B-00C04F79EFBC}") = "Myth.Millionaire.Droid", "Myth.Millionaire.Droid\Myth.Millionaire.Droid.csproj", "{E69D2A8D-33A0-44B4-B0E1-6A359A28FB2F}"
EndProject
Project("{FAE04EC0-301F-11D3-BF4B-00C04F79EFBC}") = "Myth.Millionaire.iOS", "Myth.Millionaire.iOS\Myth.Millionaire.iOS.csproj", "{563EAEBA-E9EA-4629-8392-C126E50246B4}"
EndProject
Project("{FAE04EC0-301F-11D3-BF4B-00C04F79EFBC}") = "Myth.Millionaire.WPF", "Myth.Millionaire.WPF\Myth.Millionaire.WPF.csproj", "{D2A67880-5ED6-49A9-896A-920F60D9875D}"
EndProject
Project("{FAE04EC0-301F-11D3-BF4B-00C04F79EFBC}") = "Myth.Millionaire.Mac", "Myth.Millionaire.Mac\Myth.Millionaire.Mac.csproj", "{10AF2E04-97F6-4BF5-84B5-ADD2E490BED4}"
EndProject
Project("{9A19103F-16F7-4668-BE54-9A1E7A4F7556}") = "Myth.Millionaire", "Myth.Millionaire\Myth.Millionaire.csproj", "{F291B97D-CC65-4FE9-8357-1E2C8A96FBAC}"
EndProject
Project("{9A19103F-16F7-4668-BE54-9A1E7A4F7556}") = "Myth.CreditGuard.Library", "Myth.CreditGuard.Library\Myth.CreditGuard.Library.csproj", "{02A35885-749E-4823-B499-D2B171F88DA8}"
EndProject
Project("{9A19103F-16F7-4668-BE54-9A1E7A4F7556}") = "Myth.Millionaire.Forms.Desktop", "Myth.Millionaire.Forms.Desktop\Myth.Millionaire.Forms.Desktop.csproj", "{61D07D8E-992D-44FC-A64D-1D8D85D6514C}"
EndProject
Project("{FAE04EC0-301F-11D3-BF4B-00C04F79EFBC}") = "Myth.Millionaire.Forms.WPF", "Myth.Millionaire.Forms.WPF\Myth.Millionaire.Forms.WPF.csproj", "{80B9C3D1-3341-4791-9A8B-1EC66FF30390}"
EndProject
Project("{FAE04EC0-301F-11D3-BF4B-00C04F79EFBC}") = "Myth.Millionaire.Forms.Mobile", "Myth.Millionaire.Forms.Mobile\Myth.Millionaire.Forms.Mobile.csproj", "{00A7D822-63C7-4610-BB61-70D20BB9B896}"
EndProject
Project("{FAE04EC0-301F-11D3-BF4B-00C04F79EFBC}") = "Myth.Millionaire.Forms.Droid", "Myth.Millionaire.Forms.Droid\Myth.Millionaire.Forms.Droid.csproj", "{6011F168-9901-4CE9-8644-AC40DFAA38F2}"
EndProject
Global
	GlobalSection(SolutionConfigurationPlatforms) = preSolution
		Debug|Any CPU = Debug|Any CPU
		Debug|iPhone = Debug|iPhone
		Debug|iPhoneSimulator = Debug|iPhoneSimulator
		Release|Any CPU = Release|Any CPU
		Release|iPhone = Release|iPhone
		Release|iPhoneSimulator = Release|iPhoneSimulator
	EndGlobalSection
	GlobalSection(ProjectConfigurationPlatforms) = postSolution
		{E69D2A8D-33A0-44B4-B0E1-6A359A28FB2F}.Debug|Any CPU.ActiveCfg = Debug|Any CPU
		{E69D2A8D-33A0-44B4-B0E1-6A359A28FB2F}.Debug|Any CPU.Build.0 = Debug|Any CPU
		{E69D2A8D-33A0-44B4-B0E1-6A359A28FB2F}.Debug|Any CPU.Deploy.0 = Debug|Any CPU
		{E69D2A8D-33A0-44B4-B0E1-6A359A28FB2F}.Debug|iPhone.ActiveCfg = Debug|Any CPU
		{E69D2A8D-33A0-44B4-B0E1-6A359A28FB2F}.Debug|iPhone.Build.0 = Debug|Any CPU
		{E69D2A8D-33A0-44B4-B0E1-6A359A28FB2F}.Debug|iPhone.Deploy.0 = Debug|Any CPU
		{E69D2A8D-33A0-44B4-B0E1-6A359A28FB2F}.Debug|iPhoneSimulator.ActiveCfg = Debug|Any CPU
		{E69D2A8D-33A0-44B4-B0E1-6A359A28FB2F}.Debug|iPhoneSimulator.Build.0 = Debug|Any CPU
		{E69D2A8D-33A0-44B4-B0E1-6A359A28FB2F}.Debug|iPhoneSimulator.Deploy.0 = Debug|Any CPU
		{E69D2A8D-33A0-44B4-B0E1-6A359A28FB2F}.Release|Any CPU.ActiveCfg = Release|Any CPU
		{E69D2A8D-33A0-44B4-B0E1-6A359A28FB2F}.Release|Any CPU.Build.0 = Release|Any CPU
		{E69D2A8D-33A0-44B4-B0E1-6A359A28FB2F}.Release|Any CPU.Deploy.0 = Release|Any CPU
		{E69D2A8D-33A0-44B4-B0E1-6A359A28FB2F}.Release|iPhone.ActiveCfg = Release|Any CPU
		{E69D2A8D-33A0-44B4-B0E1-6A359A28FB2F}.Release|iPhone.Build.0 = Release|Any CPU
		{E69D2A8D-33A0-44B4-B0E1-6A359A28FB2F}.Release|iPhone.Deploy.0 = Release|Any CPU
		{E69D2A8D-33A0-44B4-B0E1-6A359A28FB2F}.Release|iPhoneSimulator.ActiveCfg = Release|Any CPU
		{E69D2A8D-33A0-44B4-B0E1-6A359A28FB2F}.Release|iPhoneSimulator.Build.0 = Release|Any CPU
		{E69D2A8D-33A0-44B4-B0E1-6A359A28FB2F}.Release|iPhoneSimulator.Deploy.0 = Release|Any CPU
		{563EAEBA-E9EA-4629-8392-C126E50246B4}.Debug|Any CPU.ActiveCfg = Debug|iPhone
		{563EAEBA-E9EA-4629-8392-C126E50246B4}.Debug|Any CPU.Build.0 = Debug|iPhone
		{563EAEBA-E9EA-4629-8392-C126E50246B4}.Debug|iPhone.ActiveCfg = Debug|iPhone
		{563EAEBA-E9EA-4629-8392-C126E50246B4}.Debug|iPhone.Build.0 = Debug|iPhone
		{563EAEBA-E9EA-4629-8392-C126E50246B4}.Debug|iPhoneSimulator.ActiveCfg = Debug|iPhoneSimulator
		{563EAEBA-E9EA-4629-8392-C126E50246B4}.Debug|iPhoneSimulator.Build.0 = Debug|iPhoneSimulator
		{563EAEBA-E9EA-4629-8392-C126E50246B4}.Release|Any CPU.ActiveCfg = Release|iPhone
		{563EAEBA-E9EA-4629-8392-C126E50246B4}.Release|iPhone.ActiveCfg = Release|iPhone
		{563EAEBA-E9EA-4629-8392-C126E50246B4}.Release|iPhone.Build.0 = Release|iPhone
		{563EAEBA-E9EA-4629-8392-C126E50246B4}.Release|iPhoneSimulator.ActiveCfg = Release|iPhoneSimulator
		{563EAEBA-E9EA-4629-8392-C126E50246B4}.Release|iPhoneSimulator.Build.0 = Release|iPhoneSimulator
		{D2A67880-5ED6-49A9-896A-920F60D9875D}.Debug|Any CPU.ActiveCfg = Debug|Any CPU
		{D2A67880-5ED6-49A9-896A-920F60D9875D}.Debug|Any CPU.Build.0 = Debug|Any CPU
		{D2A67880-5ED6-49A9-896A-920F60D9875D}.Debug|iPhone.ActiveCfg = Debug|Any CPU
		{D2A67880-5ED6-49A9-896A-920F60D9875D}.Debug|iPhone.Build.0 = Debug|Any CPU
		{D2A67880-5ED6-49A9-896A-920F60D9875D}.Debug|iPhoneSimulator.ActiveCfg = Debug|Any CPU
		{D2A67880-5ED6-49A9-896A-920F60D9875D}.Debug|iPhoneSimulator.Build.0 = Debug|Any CPU
		{D2A67880-5ED6-49A9-896A-920F60D9875D}.Release|Any CPU.ActiveCfg = Release|Any CPU
		{D2A67880-5ED6-49A9-896A-920F60D9875D}.Release|Any CPU.Build.0 = Release|Any CPU
		{D2A67880-5ED6-49A9-896A-920F60D9875D}.Release|iPhone.ActiveCfg = Release|Any CPU
		{D2A67880-5ED6-49A9-896A-920F60D9875D}.Release|iPhone.Build.0 = Release|Any CPU
		{D2A67880-5ED6-49A9-896A-920F60D9875D}.Release|iPhoneSimulator.ActiveCfg = Release|Any CPU
		{D2A67880-5ED6-49A9-896A-920F60D9875D}.Release|iPhoneSimulator.Build.0 = Release|Any CPU
		{10AF2E04-97F6-4BF5-84B5-ADD2E490BED4}.Debug|Any CPU.ActiveCfg = Debug|iPhoneSimulator
		{10AF2E04-97F6-4BF5-84B5-ADD2E490BED4}.Debug|Any CPU.Build.0 = Debug|iPhoneSimulator
		{10AF2E04-97F6-4BF5-84B5-ADD2E490BED4}.Debug|iPhone.ActiveCfg = Debug|iPhoneSimulator
		{10AF2E04-97F6-4BF5-84B5-ADD2E490BED4}.Debug|iPhone.Build.0 = Debug|iPhoneSimulator
		{10AF2E04-97F6-4BF5-84B5-ADD2E490BED4}.Debug|iPhoneSimulator.ActiveCfg = Debug|iPhoneSimulator
		{10AF2E04-97F6-4BF5-84B5-ADD2E490BED4}.Debug|iPhoneSimulator.Build.0 = Debug|iPhoneSimulator
		{10AF2E04-97F6-4BF5-84B5-ADD2E490BED4}.Release|Any CPU.ActiveCfg = Release|iPhoneSimulator
		{10AF2E04-97F6-4BF5-84B5-ADD2E490BED4}.Release|Any CPU.Build.0 = Release|iPhoneSimulator
		{10AF2E04-97F6-4BF5-84B5-ADD2E490BED4}.Release|iPhone.ActiveCfg = Release|iPhoneSimulator
		{10AF2E04-97F6-4BF5-84B5-ADD2E490BED4}.Release|iPhone.Build.0 = Release|iPhoneSimulator
		{10AF2E04-97F6-4BF5-84B5-ADD2E490BED4}.Release|iPhoneSimulator.ActiveCfg = Release|iPhoneSimulator
		{10AF2E04-97F6-4BF5-84B5-ADD2E490BED4}.Release|iPhoneSimulator.Build.0 = Release|iPhoneSimulator
		{F291B97D-CC65-4FE9-8357-1E2C8A96FBAC}.Debug|Any CPU.ActiveCfg = Debug|Any CPU
		{F291B97D-CC65-4FE9-8357-1E2C8A96FBAC}.Debug|Any CPU.Build.0 = Debug|Any CPU
		{F291B97D-CC65-4FE9-8357-1E2C8A96FBAC}.Debug|iPhone.ActiveCfg = Debug|Any CPU
		{F291B97D-CC65-4FE9-8357-1E2C8A96FBAC}.Debug|iPhone.Build.0 = Debug|Any CPU
		{F291B97D-CC65-4FE9-8357-1E2C8A96FBAC}.Debug|iPhoneSimulator.ActiveCfg = Debug|Any CPU
		{F291B97D-CC65-4FE9-8357-1E2C8A96FBAC}.Debug|iPhoneSimulator.Build.0 = Debug|Any CPU
		{F291B97D-CC65-4FE9-8357-1E2C8A96FBAC}.Release|Any CPU.ActiveCfg = Release|Any CPU
		{F291B97D-CC65-4FE9-8357-1E2C8A96FBAC}.Release|Any CPU.Build.0 = Release|Any CPU
		{F291B97D-CC65-4FE9-8357-1E2C8A96FBAC}.Release|iPhone.ActiveCfg = Release|Any CPU
		{F291B97D-CC65-4FE9-8357-1E2C8A96FBAC}.Release|iPhone.Build.0 = Release|Any CPU
		{F291B97D-CC65-4FE9-8357-1E2C8A96FBAC}.Release|iPhoneSimulator.ActiveCfg = Release|Any CPU
		{F291B97D-CC65-4FE9-8357-1E2C8A96FBAC}.Release|iPhoneSimulator.Build.0 = Release|Any CPU
		{02A35885-749E-4823-B499-D2B171F88DA8}.Debug|Any CPU.ActiveCfg = Debug|Any CPU
		{02A35885-749E-4823-B499-D2B171F88DA8}.Debug|Any CPU.Build.0 = Debug|Any CPU
		{02A35885-749E-4823-B499-D2B171F88DA8}.Debug|iPhone.ActiveCfg = Debug|Any CPU
		{02A35885-749E-4823-B499-D2B171F88DA8}.Debug|iPhone.Build.0 = Debug|Any CPU
		{02A35885-749E-4823-B499-D2B171F88DA8}.Debug|iPhoneSimulator.ActiveCfg = Debug|Any CPU
		{02A35885-749E-4823-B499-D2B171F88DA8}.Debug|iPhoneSimulator.Build.0 = Debug|Any CPU
		{02A35885-749E-4823-B499-D2B171F88DA8}.Release|Any CPU.ActiveCfg = Release|Any CPU
		{02A35885-749E-4823-B499-D2B171F88DA8}.Release|Any CPU.Build.0 = Release|Any CPU
		{02A35885-749E-4823-B499-D2B171F88DA8}.Release|iPhone.ActiveCfg = Release|Any CPU
		{02A35885-749E-4823-B499-D2B171F88DA8}.Release|iPhone.Build.0 = Release|Any CPU
		{02A35885-749E-4823-B499-D2B171F88DA8}.Release|iPhoneSimulator.ActiveCfg = Release|Any CPU
		{02A35885-749E-4823-B499-D2B171F88DA8}.Release|iPhoneSimulator.Build.0 = Release|Any CPU
		{61D07D8E-992D-44FC-A64D-1D8D85D6514C}.Debug|Any CPU.ActiveCfg = Debug|Any CPU
		{61D07D8E-992D-44FC-A64D-1D8D85D6514C}.Debug|Any CPU.Build.0 = Debug|Any CPU
		{61D07D8E-992D-44FC-A64D-1D8D85D6514C}.Debug|iPhone.ActiveCfg = Debug|Any CPU
		{61D07D8E-992D-44FC-A64D-1D8D85D6514C}.Debug|iPhone.Build.0 = Debug|Any CPU
		{61D07D8E-992D-44FC-A64D-1D8D85D6514C}.Debug|iPhoneSimulator.ActiveCfg = Debug|Any CPU
		{61D07D8E-992D-44FC-A64D-1D8D85D6514C}.Debug|iPhoneSimulator.Build.0 = Debug|Any CPU
		{61D07D8E-992D-44FC-A64D-1D8D85D6514C}.Release|Any CPU.ActiveCfg = Release|Any CPU
		{61D07D8E-992D-44FC-A64D-1D8D85D6514C}.Release|Any CPU.Build.0 = Release|Any CPU
		{61D07D8E-992D-44FC-A64D-1D8D85D6514C}.Release|iPhone.ActiveCfg = Release|Any CPU
		{61D07D8E-992D-44FC-A64D-1D8D85D6514C}.Release|iPhone.Build.0 = Release|Any CPU
		{61D07D8E-992D-44FC-A64D-1D8D85D6514C}.Release|iPhoneSimulator.ActiveCfg = Release|Any CPU
		{61D07D8E-992D-44FC-A64D-1D8D85D6514C}.Release|iPhoneSimulator.Build.0 = Release|Any CPU
		{80B9C3D1-3341-4791-9A8B-1EC66FF30390}.Debug|Any CPU.ActiveCfg = Debug|Any CPU
		{80B9C3D1-3341-4791-9A8B-1EC66FF30390}.Debug|Any CPU.Build.0 = Debug|Any CPU
		{80B9C3D1-3341-4791-9A8B-1EC66FF30390}.Debug|iPhone.ActiveCfg = Debug|Any CPU
		{80B9C3D1-3341-4791-9A8B-1EC66FF30390}.Debug|iPhone.Build.0 = Debug|Any CPU
		{80B9C3D1-3341-4791-9A8B-1EC66FF30390}.Debug|iPhoneSimulator.ActiveCfg = Debug|Any CPU
		{80B9C3D1-3341-4791-9A8B-1EC66FF30390}.Debug|iPhoneSimulator.Build.0 = Debug|Any CPU
		{80B9C3D1-3341-4791-9A8B-1EC66FF30390}.Release|Any CPU.ActiveCfg = Release|Any CPU
		{80B9C3D1-3341-4791-9A8B-1EC66FF30390}.Release|Any CPU.Build.0 = Release|Any CPU
		{80B9C3D1-3341-4791-9A8B-1EC66FF30390}.Release|iPhone.ActiveCfg = Release|Any CPU
		{80B9C3D1-3341-4791-9A8B-1EC66FF30390}.Release|iPhone.Build.0 = Release|Any CPU
		{80B9C3D1-3341-4791-9A8B-1EC66FF30390}.Release|iPhoneSimulator.ActiveCfg = Release|Any CPU
		{80B9C3D1-3341-4791-9A8B-1EC66FF30390}.Release|iPhoneSimulator.Build.0 = Release|Any CPU
		{00A7D822-63C7-4610-BB61-70D20BB9B896}.Debug|Any CPU.ActiveCfg = Debug|Any CPU
		{00A7D822-63C7-4610-BB61-70D20BB9B896}.Debug|Any CPU.Build.0 = Debug|Any CPU
		{00A7D822-63C7-4610-BB61-70D20BB9B896}.Debug|iPhone.ActiveCfg = Debug|Any CPU
		{00A7D822-63C7-4610-BB61-70D20BB9B896}.Debug|iPhone.Build.0 = Debug|Any CPU
		{00A7D822-63C7-4610-BB61-70D20BB9B896}.Debug|iPhoneSimulator.ActiveCfg = Debug|Any CPU
		{00A7D822-63C7-4610-BB61-70D20BB9B896}.Debug|iPhoneSimulator.Build.0 = Debug|Any CPU
		{00A7D822-63C7-4610-BB61-70D20BB9B896}.Release|Any CPU.ActiveCfg = Release|Any CPU
		{00A7D822-63C7-4610-BB61-70D20BB9B896}.Release|Any CPU.Build.0 = Release|Any CPU
		{00A7D822-63C7-4610-BB61-70D20BB9B896}.Release|iPhone.ActiveCfg = Release|Any CPU
		{00A7D822-63C7-4610-BB61-70D20BB9B896}.Release|iPhone.Build.0 = Release|Any CPU
		{00A7D822-63C7-4610-BB61-70D20BB9B896}.Release|iPhoneSimulator.ActiveCfg = Release|Any CPU
		{00A7D822-63C7-4610-BB61-70D20BB9B896}.Release|iPhoneSimulator.Build.0 = Release|Any CPU
		{6011F168-9901-4CE9-8644-AC40DFAA38F2}.Debug|Any CPU.ActiveCfg = Debug|Any CPU
		{6011F168-9901-4CE9-8644-AC40DFAA38F2}.Debug|Any CPU.Build.0 = Debug|Any CPU
		{6011F168-9901-4CE9-8644-AC40DFAA38F2}.Debug|Any CPU.Deploy.0 = Debug|Any CPU
		{6011F168-9901-4CE9-8644-AC40DFAA38F2}.Debug|iPhone.ActiveCfg = Debug|Any CPU
		{6011F168-9901-4CE9-8644-AC40DFAA38F2}.Debug|iPhone.Build.0 = Debug|Any CPU
		{6011F168-9901-4CE9-8644-AC40DFAA38F2}.Debug|iPhone.Deploy.0 = Debug|Any CPU
		{6011F168-9901-4CE9-8644-AC40DFAA38F2}.Debug|iPhoneSimulator.ActiveCfg = Debug|Any CPU
		{6011F168-9901-4CE9-8644-AC40DFAA38F2}.Debug|iPhoneSimulator.Build.0 = Debug|Any CPU
		{6011F168-9901-4CE9-8644-AC40DFAA38F2}.Debug|iPhoneSimulator.Deploy.0 = Debug|Any CPU
		{6011F168-9901-4CE9-8644-AC40DFAA38F2}.Release|Any CPU.ActiveCfg = Release|Any CPU
		{6011F168-9901-4CE9-8644-AC40DFAA38F2}.Release|Any CPU.Build.0 = Release|Any CPU
		{6011F168-9901-4CE9-8644-AC40DFAA38F2}.Release|Any CPU.Deploy.0 = Release|Any CPU
		{6011F168-9901-4CE9-8644-AC40DFAA38F2}.Release|iPhone.ActiveCfg = Release|Any CPU
		{6011F168-9901-4CE9-8644-AC40DFAA38F2}.Release|iPhone.Build.0 = Release|Any CPU
		{6011F168-9901-4CE9-8644-AC40DFAA38F2}.Release|iPhone.Deploy.0 = Release|Any CPU
		{6011F168-9901-4CE9-8644-AC40DFAA38F2}.Release|iPhoneSimulator.ActiveCfg = Release|Any CPU
		{6011F168-9901-4CE9-8644-AC40DFAA38F2}.Release|iPhoneSimulator.Build.0 = Release|Any CPU
		{6011F168-9901-4CE9-8644-AC40DFAA38F2}.Release|iPhoneSimulator.Deploy.0 = Release|Any CPU
	EndGlobalSection
	GlobalSection(SolutionProperties) = preSolution
		HideSolutionNode = FALSE
	EndGlobalSection
	GlobalSection(ExtensibilityGlobals) = postSolution
		SolutionGuid = {155F7CC0-66C2-4D32-9680-401C9E06B1DC}
	EndGlobalSection
EndGlobal
