
Microsoft Visual Studio Solution File, Format Version 12.00
# Visual Studio 15
VisualStudioVersion = 15.0.27428.2037
MinimumVisualStudioVersion = 10.0.40219.1
Project("{2150E333-8FDC-42A3-9474-1A3956D46DE8}") = "Core", "Core", "{2F60EB46-C709-4982-9A23-6CB2E774C3F9}"
EndProject
Project("{9A19103F-16F7-4668-BE54-9A1E7A4F7556}") = "Myth.Millionaire.Core", "Core\Myth.Millionaire.Core\Myth.Millionaire.Core.csproj", "{09C45B5F-2626-4279-A3EC-58B3693B0EDA}"
EndProject
Project("{2150E333-8FDC-42A3-9474-1A3956D46DE8}") = "Local", "Local", "{C428F911-F6F3-4583-99E2-491EA2FD3CB1}"
EndProject
Project("{FAE04EC0-301F-11D3-BF4B-00C04F79EFBC}") = "Myth.Millionaire.Droid", "Local\Myth.Millionaire.Droid\Myth.Millionaire.Droid.csproj", "{E69D2A8D-33A0-44B4-B0E1-6A359A28FB2F}"
EndProject
Project("{FAE04EC0-301F-11D3-BF4B-00C04F79EFBC}") = "Myth.Millionaire.iOS", "Local\Myth.Millionaire.iOS\Myth.Millionaire.iOS.csproj", "{563EAEBA-E9EA-4629-8392-C126E50246B4}"
EndProject
Project("{FAE04EC0-301F-11D3-BF4B-00C04F79EFBC}") = "Myth.Millionaire.WPF", "Local\Myth.Millionaire.WPF\Myth.Millionaire.WPF.csproj", "{D2A67880-5ED6-49A9-896A-920F60D9875D}"
EndProject
Project("{FAE04EC0-301F-11D3-BF4B-00C04F79EFBC}") = "Myth.Millionaire.Mac", "Local\Myth.Millionaire.Mac\Myth.Millionaire.Mac.csproj", "{10AF2E04-97F6-4BF5-84B5-ADD2E490BED4}"
EndProject
Project("{2150E333-8FDC-42A3-9474-1A3956D46DE8}") = "Library", "Library", "{FF9A9DA8-0020-486B-833F-AC0A521EE253}"
EndProject
Project("{FAE04EC0-301F-11D3-BF4B-00C04F79EFBC}") = "Myth.Library.MvvmCross.Forms.Platforms.WPF", "Library\Myth.Library.MvvmCross.Forms.Platforms.WPF\Myth.Library.MvvmCross.Forms.Platforms.WPF.csproj", "{84D114DF-AB81-4FEB-A706-EAD7D48A0B58}"
EndProject
Project("{2150E333-8FDC-42A3-9474-1A3956D46DE8}") = "Forms", "Forms", "{F6D270AB-2A2D-47C5-BEBB-BDF821C19A58}"
EndProject
Project("{9A19103F-16F7-4668-BE54-9A1E7A4F7556}") = "Myth.Millionaire.Forms.UI", "Forms\Myth.Millionaire.Forms.UI\Myth.Millionaire.Forms.UI.csproj", "{F5717364-11ED-4161-B1C8-5ACEE408A6FF}"
EndProject
Project("{FAE04EC0-301F-11D3-BF4B-00C04F79EFBC}") = "Myth.Millionaire.Forms.WPF", "Forms\Myth.Millionaire.Forms.WPF\Myth.Millionaire.Forms.WPF.csproj", "{80B9C3D1-3341-4791-9A8B-1EC66FF30390}"
EndProject
Project("{FAE04EC0-301F-11D3-BF4B-00C04F79EFBC}") = "Myth.Millionaire.Forms.WPFv0", "Forms\Myth.Millionaire.Forms.WPFv0\Myth.Millionaire.Forms.WPFv0.csproj", "{1628F6B7-BB36-4C21-853B-82456BBB1624}"
EndProject
Global
	GlobalSection(SolutionConfigurationPlatforms) = preSolution
		Debug|Any CPU = Debug|Any CPU
		Debug|iPhone = Debug|iPhone
		Debug|iPhoneSimulator = Debug|iPhoneSimulator
		Debug|x64 = Debug|x64
		Debug|x86 = Debug|x86
		Release|Any CPU = Release|Any CPU
		Release|iPhone = Release|iPhone
		Release|iPhoneSimulator = Release|iPhoneSimulator
		Release|x64 = Release|x64
		Release|x86 = Release|x86
	EndGlobalSection
	GlobalSection(ProjectConfigurationPlatforms) = postSolution
		{09C45B5F-2626-4279-A3EC-58B3693B0EDA}.Debug|Any CPU.ActiveCfg = Debug|Any CPU
		{09C45B5F-2626-4279-A3EC-58B3693B0EDA}.Debug|Any CPU.Build.0 = Debug|Any CPU
		{09C45B5F-2626-4279-A3EC-58B3693B0EDA}.Debug|iPhone.ActiveCfg = Debug|Any CPU
		{09C45B5F-2626-4279-A3EC-58B3693B0EDA}.Debug|iPhone.Build.0 = Debug|Any CPU
		{09C45B5F-2626-4279-A3EC-58B3693B0EDA}.Debug|iPhoneSimulator.ActiveCfg = Debug|Any CPU
		{09C45B5F-2626-4279-A3EC-58B3693B0EDA}.Debug|iPhoneSimulator.Build.0 = Debug|Any CPU
		{09C45B5F-2626-4279-A3EC-58B3693B0EDA}.Debug|x64.ActiveCfg = Debug|Any CPU
		{09C45B5F-2626-4279-A3EC-58B3693B0EDA}.Debug|x64.Build.0 = Debug|Any CPU
		{09C45B5F-2626-4279-A3EC-58B3693B0EDA}.Debug|x86.ActiveCfg = Debug|Any CPU
		{09C45B5F-2626-4279-A3EC-58B3693B0EDA}.Debug|x86.Build.0 = Debug|Any CPU
		{09C45B5F-2626-4279-A3EC-58B3693B0EDA}.Release|Any CPU.ActiveCfg = Release|Any CPU
		{09C45B5F-2626-4279-A3EC-58B3693B0EDA}.Release|Any CPU.Build.0 = Release|Any CPU
		{09C45B5F-2626-4279-A3EC-58B3693B0EDA}.Release|iPhone.ActiveCfg = Release|Any CPU
		{09C45B5F-2626-4279-A3EC-58B3693B0EDA}.Release|iPhone.Build.0 = Release|Any CPU
		{09C45B5F-2626-4279-A3EC-58B3693B0EDA}.Release|iPhoneSimulator.ActiveCfg = Release|Any CPU
		{09C45B5F-2626-4279-A3EC-58B3693B0EDA}.Release|iPhoneSimulator.Build.0 = Release|Any CPU
		{09C45B5F-2626-4279-A3EC-58B3693B0EDA}.Release|x64.ActiveCfg = Release|Any CPU
		{09C45B5F-2626-4279-A3EC-58B3693B0EDA}.Release|x64.Build.0 = Release|Any CPU
		{09C45B5F-2626-4279-A3EC-58B3693B0EDA}.Release|x86.ActiveCfg = Release|Any CPU
		{09C45B5F-2626-4279-A3EC-58B3693B0EDA}.Release|x86.Build.0 = Release|Any CPU
		{E69D2A8D-33A0-44B4-B0E1-6A359A28FB2F}.Debug|Any CPU.ActiveCfg = Debug|Any CPU
		{E69D2A8D-33A0-44B4-B0E1-6A359A28FB2F}.Debug|Any CPU.Build.0 = Debug|Any CPU
		{E69D2A8D-33A0-44B4-B0E1-6A359A28FB2F}.Debug|Any CPU.Deploy.0 = Debug|Any CPU
		{E69D2A8D-33A0-44B4-B0E1-6A359A28FB2F}.Debug|iPhone.ActiveCfg = Debug|Any CPU
		{E69D2A8D-33A0-44B4-B0E1-6A359A28FB2F}.Debug|iPhone.Build.0 = Debug|Any CPU
		{E69D2A8D-33A0-44B4-B0E1-6A359A28FB2F}.Debug|iPhone.Deploy.0 = Debug|Any CPU
		{E69D2A8D-33A0-44B4-B0E1-6A359A28FB2F}.Debug|iPhoneSimulator.ActiveCfg = Debug|Any CPU
		{E69D2A8D-33A0-44B4-B0E1-6A359A28FB2F}.Debug|iPhoneSimulator.Build.0 = Debug|Any CPU
		{E69D2A8D-33A0-44B4-B0E1-6A359A28FB2F}.Debug|iPhoneSimulator.Deploy.0 = Debug|Any CPU
		{E69D2A8D-33A0-44B4-B0E1-6A359A28FB2F}.Debug|x64.ActiveCfg = Debug|Any CPU
		{E69D2A8D-33A0-44B4-B0E1-6A359A28FB2F}.Debug|x64.Build.0 = Debug|Any CPU
		{E69D2A8D-33A0-44B4-B0E1-6A359A28FB2F}.Debug|x64.Deploy.0 = Debug|Any CPU
		{E69D2A8D-33A0-44B4-B0E1-6A359A28FB2F}.Debug|x86.ActiveCfg = Debug|Any CPU
		{E69D2A8D-33A0-44B4-B0E1-6A359A28FB2F}.Debug|x86.Build.0 = Debug|Any CPU
		{E69D2A8D-33A0-44B4-B0E1-6A359A28FB2F}.Debug|x86.Deploy.0 = Debug|Any CPU
		{E69D2A8D-33A0-44B4-B0E1-6A359A28FB2F}.Release|Any CPU.ActiveCfg = Release|Any CPU
		{E69D2A8D-33A0-44B4-B0E1-6A359A28FB2F}.Release|Any CPU.Build.0 = Release|Any CPU
		{E69D2A8D-33A0-44B4-B0E1-6A359A28FB2F}.Release|Any CPU.Deploy.0 = Release|Any CPU
		{E69D2A8D-33A0-44B4-B0E1-6A359A28FB2F}.Release|iPhone.ActiveCfg = Release|Any CPU
		{E69D2A8D-33A0-44B4-B0E1-6A359A28FB2F}.Release|iPhone.Build.0 = Release|Any CPU
		{E69D2A8D-33A0-44B4-B0E1-6A359A28FB2F}.Release|iPhone.Deploy.0 = Release|Any CPU
		{E69D2A8D-33A0-44B4-B0E1-6A359A28FB2F}.Release|iPhoneSimulator.ActiveCfg = Release|Any CPU
		{E69D2A8D-33A0-44B4-B0E1-6A359A28FB2F}.Release|iPhoneSimulator.Build.0 = Release|Any CPU
		{E69D2A8D-33A0-44B4-B0E1-6A359A28FB2F}.Release|iPhoneSimulator.Deploy.0 = Release|Any CPU
		{E69D2A8D-33A0-44B4-B0E1-6A359A28FB2F}.Release|x64.ActiveCfg = Release|Any CPU
		{E69D2A8D-33A0-44B4-B0E1-6A359A28FB2F}.Release|x64.Build.0 = Release|Any CPU
		{E69D2A8D-33A0-44B4-B0E1-6A359A28FB2F}.Release|x64.Deploy.0 = Release|Any CPU
		{E69D2A8D-33A0-44B4-B0E1-6A359A28FB2F}.Release|x86.ActiveCfg = Release|Any CPU
		{E69D2A8D-33A0-44B4-B0E1-6A359A28FB2F}.Release|x86.Build.0 = Release|Any CPU
		{E69D2A8D-33A0-44B4-B0E1-6A359A28FB2F}.Release|x86.Deploy.0 = Release|Any CPU
		{563EAEBA-E9EA-4629-8392-C126E50246B4}.Debug|Any CPU.ActiveCfg = Debug|iPhone
		{563EAEBA-E9EA-4629-8392-C126E50246B4}.Debug|Any CPU.Build.0 = Debug|iPhone
		{563EAEBA-E9EA-4629-8392-C126E50246B4}.Debug|iPhone.ActiveCfg = Debug|iPhone
		{563EAEBA-E9EA-4629-8392-C126E50246B4}.Debug|iPhone.Build.0 = Debug|iPhone
		{563EAEBA-E9EA-4629-8392-C126E50246B4}.Debug|iPhoneSimulator.ActiveCfg = Debug|iPhoneSimulator
		{563EAEBA-E9EA-4629-8392-C126E50246B4}.Debug|iPhoneSimulator.Build.0 = Debug|iPhoneSimulator
		{563EAEBA-E9EA-4629-8392-C126E50246B4}.Debug|x64.ActiveCfg = Debug|iPhoneSimulator
		{563EAEBA-E9EA-4629-8392-C126E50246B4}.Debug|x86.ActiveCfg = Debug|iPhoneSimulator
		{563EAEBA-E9EA-4629-8392-C126E50246B4}.Release|Any CPU.ActiveCfg = Release|iPhone
		{563EAEBA-E9EA-4629-8392-C126E50246B4}.Release|iPhone.ActiveCfg = Release|iPhone
		{563EAEBA-E9EA-4629-8392-C126E50246B4}.Release|iPhone.Build.0 = Release|iPhone
		{563EAEBA-E9EA-4629-8392-C126E50246B4}.Release|iPhoneSimulator.ActiveCfg = Release|iPhoneSimulator
		{563EAEBA-E9EA-4629-8392-C126E50246B4}.Release|iPhoneSimulator.Build.0 = Release|iPhoneSimulator
		{563EAEBA-E9EA-4629-8392-C126E50246B4}.Release|x64.ActiveCfg = Release|iPhoneSimulator
		{563EAEBA-E9EA-4629-8392-C126E50246B4}.Release|x86.ActiveCfg = Release|iPhoneSimulator
		{D2A67880-5ED6-49A9-896A-920F60D9875D}.Debug|Any CPU.ActiveCfg = Debug|Any CPU
		{D2A67880-5ED6-49A9-896A-920F60D9875D}.Debug|Any CPU.Build.0 = Debug|Any CPU
		{D2A67880-5ED6-49A9-896A-920F60D9875D}.Debug|iPhone.ActiveCfg = Debug|Any CPU
		{D2A67880-5ED6-49A9-896A-920F60D9875D}.Debug|iPhone.Build.0 = Debug|Any CPU
		{D2A67880-5ED6-49A9-896A-920F60D9875D}.Debug|iPhoneSimulator.ActiveCfg = Debug|Any CPU
		{D2A67880-5ED6-49A9-896A-920F60D9875D}.Debug|iPhoneSimulator.Build.0 = Debug|Any CPU
		{D2A67880-5ED6-49A9-896A-920F60D9875D}.Debug|x64.ActiveCfg = Debug|Any CPU
		{D2A67880-5ED6-49A9-896A-920F60D9875D}.Debug|x64.Build.0 = Debug|Any CPU
		{D2A67880-5ED6-49A9-896A-920F60D9875D}.Debug|x86.ActiveCfg = Debug|Any CPU
		{D2A67880-5ED6-49A9-896A-920F60D9875D}.Debug|x86.Build.0 = Debug|Any CPU
		{D2A67880-5ED6-49A9-896A-920F60D9875D}.Release|Any CPU.ActiveCfg = Release|Any CPU
		{D2A67880-5ED6-49A9-896A-920F60D9875D}.Release|Any CPU.Build.0 = Release|Any CPU
		{D2A67880-5ED6-49A9-896A-920F60D9875D}.Release|iPhone.ActiveCfg = Release|Any CPU
		{D2A67880-5ED6-49A9-896A-920F60D9875D}.Release|iPhone.Build.0 = Release|Any CPU
		{D2A67880-5ED6-49A9-896A-920F60D9875D}.Release|iPhoneSimulator.ActiveCfg = Release|Any CPU
		{D2A67880-5ED6-49A9-896A-920F60D9875D}.Release|iPhoneSimulator.Build.0 = Release|Any CPU
		{D2A67880-5ED6-49A9-896A-920F60D9875D}.Release|x64.ActiveCfg = Release|Any CPU
		{D2A67880-5ED6-49A9-896A-920F60D9875D}.Release|x64.Build.0 = Release|Any CPU
		{D2A67880-5ED6-49A9-896A-920F60D9875D}.Release|x86.ActiveCfg = Release|Any CPU
		{D2A67880-5ED6-49A9-896A-920F60D9875D}.Release|x86.Build.0 = Release|Any CPU
		{10AF2E04-97F6-4BF5-84B5-ADD2E490BED4}.Debug|Any CPU.ActiveCfg = Debug|iPhoneSimulator
		{10AF2E04-97F6-4BF5-84B5-ADD2E490BED4}.Debug|Any CPU.Build.0 = Debug|iPhoneSimulator
		{10AF2E04-97F6-4BF5-84B5-ADD2E490BED4}.Debug|iPhone.ActiveCfg = Debug|iPhoneSimulator
		{10AF2E04-97F6-4BF5-84B5-ADD2E490BED4}.Debug|iPhone.Build.0 = Debug|iPhoneSimulator
		{10AF2E04-97F6-4BF5-84B5-ADD2E490BED4}.Debug|iPhoneSimulator.ActiveCfg = Debug|iPhoneSimulator
		{10AF2E04-97F6-4BF5-84B5-ADD2E490BED4}.Debug|iPhoneSimulator.Build.0 = Debug|iPhoneSimulator
		{10AF2E04-97F6-4BF5-84B5-ADD2E490BED4}.Debug|x64.ActiveCfg = Debug|iPhoneSimulator
		{10AF2E04-97F6-4BF5-84B5-ADD2E490BED4}.Debug|x86.ActiveCfg = Debug|iPhoneSimulator
		{10AF2E04-97F6-4BF5-84B5-ADD2E490BED4}.Release|Any CPU.ActiveCfg = Release|iPhoneSimulator
		{10AF2E04-97F6-4BF5-84B5-ADD2E490BED4}.Release|Any CPU.Build.0 = Release|iPhoneSimulator
		{10AF2E04-97F6-4BF5-84B5-ADD2E490BED4}.Release|iPhone.ActiveCfg = Release|iPhoneSimulator
		{10AF2E04-97F6-4BF5-84B5-ADD2E490BED4}.Release|iPhone.Build.0 = Release|iPhoneSimulator
		{10AF2E04-97F6-4BF5-84B5-ADD2E490BED4}.Release|iPhoneSimulator.ActiveCfg = Release|iPhoneSimulator
		{10AF2E04-97F6-4BF5-84B5-ADD2E490BED4}.Release|iPhoneSimulator.Build.0 = Release|iPhoneSimulator
		{10AF2E04-97F6-4BF5-84B5-ADD2E490BED4}.Release|x64.ActiveCfg = Release|iPhoneSimulator
		{10AF2E04-97F6-4BF5-84B5-ADD2E490BED4}.Release|x86.ActiveCfg = Release|iPhoneSimulator
		{84D114DF-AB81-4FEB-A706-EAD7D48A0B58}.Debug|Any CPU.ActiveCfg = Debug|Any CPU
		{84D114DF-AB81-4FEB-A706-EAD7D48A0B58}.Debug|Any CPU.Build.0 = Debug|Any CPU
		{84D114DF-AB81-4FEB-A706-EAD7D48A0B58}.Debug|iPhone.ActiveCfg = Debug|Any CPU
		{84D114DF-AB81-4FEB-A706-EAD7D48A0B58}.Debug|iPhone.Build.0 = Debug|Any CPU
		{84D114DF-AB81-4FEB-A706-EAD7D48A0B58}.Debug|iPhoneSimulator.ActiveCfg = Debug|Any CPU
		{84D114DF-AB81-4FEB-A706-EAD7D48A0B58}.Debug|iPhoneSimulator.Build.0 = Debug|Any CPU
		{84D114DF-AB81-4FEB-A706-EAD7D48A0B58}.Debug|x64.ActiveCfg = Debug|Any CPU
		{84D114DF-AB81-4FEB-A706-EAD7D48A0B58}.Debug|x64.Build.0 = Debug|Any CPU
		{84D114DF-AB81-4FEB-A706-EAD7D48A0B58}.Debug|x86.ActiveCfg = Debug|Any CPU
		{84D114DF-AB81-4FEB-A706-EAD7D48A0B58}.Debug|x86.Build.0 = Debug|Any CPU
		{84D114DF-AB81-4FEB-A706-EAD7D48A0B58}.Release|Any CPU.ActiveCfg = Release|Any CPU
		{84D114DF-AB81-4FEB-A706-EAD7D48A0B58}.Release|Any CPU.Build.0 = Release|Any CPU
		{84D114DF-AB81-4FEB-A706-EAD7D48A0B58}.Release|iPhone.ActiveCfg = Release|Any CPU
		{84D114DF-AB81-4FEB-A706-EAD7D48A0B58}.Release|iPhone.Build.0 = Release|Any CPU
		{84D114DF-AB81-4FEB-A706-EAD7D48A0B58}.Release|iPhoneSimulator.ActiveCfg = Release|Any CPU
		{84D114DF-AB81-4FEB-A706-EAD7D48A0B58}.Release|iPhoneSimulator.Build.0 = Release|Any CPU
		{84D114DF-AB81-4FEB-A706-EAD7D48A0B58}.Release|x64.ActiveCfg = Release|Any CPU
		{84D114DF-AB81-4FEB-A706-EAD7D48A0B58}.Release|x64.Build.0 = Release|Any CPU
		{84D114DF-AB81-4FEB-A706-EAD7D48A0B58}.Release|x86.ActiveCfg = Release|Any CPU
		{84D114DF-AB81-4FEB-A706-EAD7D48A0B58}.Release|x86.Build.0 = Release|Any CPU
		{F5717364-11ED-4161-B1C8-5ACEE408A6FF}.Debug|Any CPU.ActiveCfg = Debug|Any CPU
		{F5717364-11ED-4161-B1C8-5ACEE408A6FF}.Debug|Any CPU.Build.0 = Debug|Any CPU
		{F5717364-11ED-4161-B1C8-5ACEE408A6FF}.Debug|iPhone.ActiveCfg = Debug|Any CPU
		{F5717364-11ED-4161-B1C8-5ACEE408A6FF}.Debug|iPhone.Build.0 = Debug|Any CPU
		{F5717364-11ED-4161-B1C8-5ACEE408A6FF}.Debug|iPhoneSimulator.ActiveCfg = Debug|Any CPU
		{F5717364-11ED-4161-B1C8-5ACEE408A6FF}.Debug|iPhoneSimulator.Build.0 = Debug|Any CPU
		{F5717364-11ED-4161-B1C8-5ACEE408A6FF}.Debug|x64.ActiveCfg = Debug|Any CPU
		{F5717364-11ED-4161-B1C8-5ACEE408A6FF}.Debug|x64.Build.0 = Debug|Any CPU
		{F5717364-11ED-4161-B1C8-5ACEE408A6FF}.Debug|x86.ActiveCfg = Debug|Any CPU
		{F5717364-11ED-4161-B1C8-5ACEE408A6FF}.Debug|x86.Build.0 = Debug|Any CPU
		{F5717364-11ED-4161-B1C8-5ACEE408A6FF}.Release|Any CPU.ActiveCfg = Release|Any CPU
		{F5717364-11ED-4161-B1C8-5ACEE408A6FF}.Release|Any CPU.Build.0 = Release|Any CPU
		{F5717364-11ED-4161-B1C8-5ACEE408A6FF}.Release|iPhone.ActiveCfg = Release|Any CPU
		{F5717364-11ED-4161-B1C8-5ACEE408A6FF}.Release|iPhone.Build.0 = Release|Any CPU
		{F5717364-11ED-4161-B1C8-5ACEE408A6FF}.Release|iPhoneSimulator.ActiveCfg = Release|Any CPU
		{F5717364-11ED-4161-B1C8-5ACEE408A6FF}.Release|iPhoneSimulator.Build.0 = Release|Any CPU
		{F5717364-11ED-4161-B1C8-5ACEE408A6FF}.Release|x64.ActiveCfg = Release|Any CPU
		{F5717364-11ED-4161-B1C8-5ACEE408A6FF}.Release|x64.Build.0 = Release|Any CPU
		{F5717364-11ED-4161-B1C8-5ACEE408A6FF}.Release|x86.ActiveCfg = Release|Any CPU
		{F5717364-11ED-4161-B1C8-5ACEE408A6FF}.Release|x86.Build.0 = Release|Any CPU
		{80B9C3D1-3341-4791-9A8B-1EC66FF30390}.Debug|Any CPU.ActiveCfg = Debug|Any CPU
		{80B9C3D1-3341-4791-9A8B-1EC66FF30390}.Debug|Any CPU.Build.0 = Debug|Any CPU
		{80B9C3D1-3341-4791-9A8B-1EC66FF30390}.Debug|iPhone.ActiveCfg = Debug|Any CPU
		{80B9C3D1-3341-4791-9A8B-1EC66FF30390}.Debug|iPhone.Build.0 = Debug|Any CPU
		{80B9C3D1-3341-4791-9A8B-1EC66FF30390}.Debug|iPhoneSimulator.ActiveCfg = Debug|Any CPU
		{80B9C3D1-3341-4791-9A8B-1EC66FF30390}.Debug|iPhoneSimulator.Build.0 = Debug|Any CPU
		{80B9C3D1-3341-4791-9A8B-1EC66FF30390}.Debug|x64.ActiveCfg = Debug|x64
		{80B9C3D1-3341-4791-9A8B-1EC66FF30390}.Debug|x64.Build.0 = Debug|x64
		{80B9C3D1-3341-4791-9A8B-1EC66FF30390}.Debug|x86.ActiveCfg = Debug|x86
		{80B9C3D1-3341-4791-9A8B-1EC66FF30390}.Debug|x86.Build.0 = Debug|x86
		{80B9C3D1-3341-4791-9A8B-1EC66FF30390}.Release|Any CPU.ActiveCfg = Release|Any CPU
		{80B9C3D1-3341-4791-9A8B-1EC66FF30390}.Release|Any CPU.Build.0 = Release|Any CPU
		{80B9C3D1-3341-4791-9A8B-1EC66FF30390}.Release|iPhone.ActiveCfg = Release|Any CPU
		{80B9C3D1-3341-4791-9A8B-1EC66FF30390}.Release|iPhone.Build.0 = Release|Any CPU
		{80B9C3D1-3341-4791-9A8B-1EC66FF30390}.Release|iPhoneSimulator.ActiveCfg = Release|Any CPU
		{80B9C3D1-3341-4791-9A8B-1EC66FF30390}.Release|iPhoneSimulator.Build.0 = Release|Any CPU
		{80B9C3D1-3341-4791-9A8B-1EC66FF30390}.Release|x64.ActiveCfg = Release|x64
		{80B9C3D1-3341-4791-9A8B-1EC66FF30390}.Release|x64.Build.0 = Release|x64
		{80B9C3D1-3341-4791-9A8B-1EC66FF30390}.Release|x86.ActiveCfg = Release|x86
		{80B9C3D1-3341-4791-9A8B-1EC66FF30390}.Release|x86.Build.0 = Release|x86
		{1628F6B7-BB36-4C21-853B-82456BBB1624}.Debug|Any CPU.ActiveCfg = Debug|Any CPU
		{1628F6B7-BB36-4C21-853B-82456BBB1624}.Debug|Any CPU.Build.0 = Debug|Any CPU
		{1628F6B7-BB36-4C21-853B-82456BBB1624}.Debug|iPhone.ActiveCfg = Debug|Any CPU
		{1628F6B7-BB36-4C21-853B-82456BBB1624}.Debug|iPhone.Build.0 = Debug|Any CPU
		{1628F6B7-BB36-4C21-853B-82456BBB1624}.Debug|iPhoneSimulator.ActiveCfg = Debug|Any CPU
		{1628F6B7-BB36-4C21-853B-82456BBB1624}.Debug|iPhoneSimulator.Build.0 = Debug|Any CPU
		{1628F6B7-BB36-4C21-853B-82456BBB1624}.Debug|x64.ActiveCfg = Debug|Any CPU
		{1628F6B7-BB36-4C21-853B-82456BBB1624}.Debug|x64.Build.0 = Debug|Any CPU
		{1628F6B7-BB36-4C21-853B-82456BBB1624}.Debug|x86.ActiveCfg = Debug|Any CPU
		{1628F6B7-BB36-4C21-853B-82456BBB1624}.Debug|x86.Build.0 = Debug|Any CPU
		{1628F6B7-BB36-4C21-853B-82456BBB1624}.Release|Any CPU.ActiveCfg = Release|Any CPU
		{1628F6B7-BB36-4C21-853B-82456BBB1624}.Release|Any CPU.Build.0 = Release|Any CPU
		{1628F6B7-BB36-4C21-853B-82456BBB1624}.Release|iPhone.ActiveCfg = Release|Any CPU
		{1628F6B7-BB36-4C21-853B-82456BBB1624}.Release|iPhone.Build.0 = Release|Any CPU
		{1628F6B7-BB36-4C21-853B-82456BBB1624}.Release|iPhoneSimulator.ActiveCfg = Release|Any CPU
		{1628F6B7-BB36-4C21-853B-82456BBB1624}.Release|iPhoneSimulator.Build.0 = Release|Any CPU
		{1628F6B7-BB36-4C21-853B-82456BBB1624}.Release|x64.ActiveCfg = Release|Any CPU
		{1628F6B7-BB36-4C21-853B-82456BBB1624}.Release|x64.Build.0 = Release|Any CPU
		{1628F6B7-BB36-4C21-853B-82456BBB1624}.Release|x86.ActiveCfg = Release|Any CPU
		{1628F6B7-BB36-4C21-853B-82456BBB1624}.Release|x86.Build.0 = Release|Any CPU
	EndGlobalSection
	GlobalSection(SolutionProperties) = preSolution
		HideSolutionNode = FALSE
	EndGlobalSection
	GlobalSection(NestedProjects) = preSolution
		{09C45B5F-2626-4279-A3EC-58B3693B0EDA} = {2F60EB46-C709-4982-9A23-6CB2E774C3F9}
		{E69D2A8D-33A0-44B4-B0E1-6A359A28FB2F} = {C428F911-F6F3-4583-99E2-491EA2FD3CB1}
		{563EAEBA-E9EA-4629-8392-C126E50246B4} = {C428F911-F6F3-4583-99E2-491EA2FD3CB1}
		{D2A67880-5ED6-49A9-896A-920F60D9875D} = {C428F911-F6F3-4583-99E2-491EA2FD3CB1}
		{10AF2E04-97F6-4BF5-84B5-ADD2E490BED4} = {C428F911-F6F3-4583-99E2-491EA2FD3CB1}
		{84D114DF-AB81-4FEB-A706-EAD7D48A0B58} = {FF9A9DA8-0020-486B-833F-AC0A521EE253}
		{F5717364-11ED-4161-B1C8-5ACEE408A6FF} = {F6D270AB-2A2D-47C5-BEBB-BDF821C19A58}
		{80B9C3D1-3341-4791-9A8B-1EC66FF30390} = {F6D270AB-2A2D-47C5-BEBB-BDF821C19A58}
		{1628F6B7-BB36-4C21-853B-82456BBB1624} = {F6D270AB-2A2D-47C5-BEBB-BDF821C19A58}
	EndGlobalSection
	GlobalSection(ExtensibilityGlobals) = postSolution
		SolutionGuid = {155F7CC0-66C2-4D32-9680-401C9E06B1DC}
	EndGlobalSection
EndGlobal
